<?xml version="1.0" encoding="utf-8"?>
<Project ToolsVersion="4.0" xmlns="http://schemas.microsoft.com/developer/msbuild/2003">
  <ItemGroup>
    <Filter Include="Archivos de origen">
      <UniqueIdentifier>{4FC737F1-C7A5-4376-A066-2A32D752A2FF}</UniqueIdentifier>
      <Extensions>cpp;c;cc;cxx;c++;cppm;ixx;def;odl;idl;hpj;bat;asm;asmx</Extensions>
    </Filter>
    <Filter Include="Archivos de encabezado">
      <UniqueIdentifier>{93995380-89BD-4b04-88EB-625FBE52EBFB}</UniqueIdentifier>
      <Extensions>h;hh;hpp;hxx;h++;hm;inl;inc;ipp;xsd</Extensions>
    </Filter>
    <Filter Include="Archivos de recursos">
      <UniqueIdentifier>{67DA6AB6-F800-4c08-8B7A-83BB121AAD01}</UniqueIdentifier>
      <Extensions>rc;ico;cur;bmp;dlg;rc2;rct;bin;rgs;gif;jpg;jpeg;jpe;resx;tiff;tif;png;wav;mfcribbon-ms</Extensions>
    </Filter>
    <Filter Include="Archivos de encabezado\Test">
      <UniqueIdentifier>{7d7f960b-9268-48fa-8b42-ff7012d4b7f3}</UniqueIdentifier>
    </Filter>
    <Filter Include="Archivos de encabezado\Layers">
      <UniqueIdentifier>{fc70367d-2703-4c1f-81d0-78c86223016b}</UniqueIdentifier>
    </Filter>
  </ItemGroup>
  <ItemGroup>
    <Text Include="bias.txt">
      <Filter>Archivos de recursos</Filter>
    </Text>
    <Text Include="inputs.txt">
      <Filter>Archivos de recursos</Filter>
    </Text>
    <Text Include="output.txt">
      <Filter>Archivos de recursos</Filter>
    </Text>
    <Text Include="weights.txt">
      <Filter>Archivos de recursos</Filter>
    </Text>
    <Text Include="matRes.txt">
      <Filter>Archivos de recursos</Filter>
    </Text>
    <Text Include="matB.txt">
      <Filter>Archivos de recursos</Filter>
    </Text>
    <Text Include="matA.txt">
      <Filter>Archivos de recursos</Filter>
    </Text>
    <Text Include="vecA.txt">
      <Filter>Archivos de recursos</Filter>
    </Text>
    <Text Include="vecB.txt">
      <Filter>Archivos de recursos</Filter>
    </Text>
    <Text Include="vecRes.txt">
      <Filter>Archivos de recursos</Filter>
    </Text>
    <Text Include="log_file.txt">
      <Filter>Archivos de recursos</Filter>
    </Text>
    <Text Include="linear_bias.txt">
      <Filter>Archivos de recursos</Filter>
    </Text>
    <Text Include="linear_input.txt">
      <Filter>Archivos de recursos</Filter>
    </Text>
    <Text Include="linear_output_gold.txt">
      <Filter>Archivos de recursos</Filter>
    </Text>
    <Text Include="linear_weight.txt">
      <Filter>Archivos de recursos</Filter>
    </Text>
  </ItemGroup>
  <ItemGroup>
    <ClCompile Include="Transformer_dataflow.cpp">
      <Filter>Archivos de origen</Filter>
    </ClCompile>
  </ItemGroup>
  <ItemGroup>
    <ClInclude Include="Layers\Activations.h">
      <Filter>Archivos de encabezado\Layers</Filter>
    </ClInclude>
    <ClInclude Include="Layers\Concat.h">
      <Filter>Archivos de encabezado\Layers</Filter>
    </ClInclude>
    <ClInclude Include="Layers\Decoder.h">
      <Filter>Archivos de encabezado\Layers</Filter>
    </ClInclude>
    <ClInclude Include="Layers\Encoder.h">
      <Filter>Archivos de encabezado\Layers</Filter>
    </ClInclude>
    <ClInclude Include="Layers\FF.h">
      <Filter>Archivos de encabezado\Layers</Filter>
    </ClInclude>
    <ClInclude Include="Layers\LayerNorm.h">
      <Filter>Archivos de encabezado\Layers</Filter>
    </ClInclude>
    <ClInclude Include="Layers\Linear.h">
      <Filter>Archivos de encabezado\Layers</Filter>
    </ClInclude>
    <ClInclude Include="Layers\Mask.h">
      <Filter>Archivos de encabezado\Layers</Filter>
    </ClInclude>
    <ClInclude Include="Layers\MatAdd.h">
      <Filter>Archivos de encabezado\Layers</Filter>
    </ClInclude>
    <ClInclude Include="Layers\MatMul.h">
      <Filter>Archivos de encabezado\Layers</Filter>
    </ClInclude>
    <ClInclude Include="Layers\MultiHeadAtt.h">
      <Filter>Archivos de encabezado\Layers</Filter>
    </ClInclude>
    <ClInclude Include="Layers\Scale.h">
      <Filter>Archivos de encabezado\Layers</Filter>
    </ClInclude>
    <ClInclude Include="Layers\ScaledDotAtt.h">
      <Filter>Archivos de encabezado\Layers</Filter>
    </ClInclude>
    <ClInclude Include="Layers\SoftMax.h">
      <Filter>Archivos de encabezado\Layers</Filter>
    </ClInclude>
    <ClInclude Include="Layers\Transpose.h">
      <Filter>Archivos de encabezado\Layers</Filter>
    </ClInclude>
    <ClInclude Include="Layers\VecAdd.h">
      <Filter>Archivos de encabezado\Layers</Filter>
    </ClInclude>
    <ClInclude Include="Tests\Test.h">
      <Filter>Archivos de encabezado\Test</Filter>
    </ClInclude>
    <ClInclude Include="Tests\TestAcvtivations.h">
      <Filter>Archivos de encabezado\Test</Filter>
    </ClInclude>
    <ClInclude Include="Tests\TestLayerNorm.h">
      <Filter>Archivos de encabezado\Test</Filter>
    </ClInclude>
    <ClInclude Include="Tests\TestLinear.h">
      <Filter>Archivos de encabezado\Test</Filter>
    </ClInclude>
    <ClInclude Include="Tests\TestMask.h">
      <Filter>Archivos de encabezado\Test</Filter>
    </ClInclude>
    <ClInclude Include="Tests\TestMatAdd.h">
      <Filter>Archivos de encabezado\Test</Filter>
    </ClInclude>
    <ClInclude Include="Tests\TestMatMul.h">
      <Filter>Archivos de encabezado\Test</Filter>
    </ClInclude>
    <ClInclude Include="Tests\TestScale.h">
      <Filter>Archivos de encabezado\Test</Filter>
    </ClInclude>
    <ClInclude Include="Tests\TestSoftMax.h">
      <Filter>Archivos de encabezado\Test</Filter>
    </ClInclude>
    <ClInclude Include="Tests\TestTranspose.h">
      <Filter>Archivos de encabezado\Test</Filter>
    </ClInclude>
    <ClInclude Include="Tests\TestUtils.h">
      <Filter>Archivos de encabezado\Test</Filter>
    </ClInclude>
    <ClInclude Include="Tests\TestVecAdd.h">
      <Filter>Archivos de encabezado\Test</Filter>
    </ClInclude>
    <ClInclude Include="Tests\TestDecoder.h">
      <Filter>Archivos de encabezado\Test</Filter>
    </ClInclude>
    <ClInclude Include="Tests\TestEncoder.h">
      <Filter>Archivos de encabezado\Test</Filter>
    </ClInclude>
    <ClInclude Include="Tests\TestFF.h">
      <Filter>Archivos de encabezado\Test</Filter>
    </ClInclude>
    <ClInclude Include="Tests\TestScaledDotAtt.h">
      <Filter>Archivos de encabezado\Test</Filter>
    </ClInclude>
    <ClInclude Include="Tests\TestMultiHeadAtt.h">
      <Filter>Archivos de encabezado\Test</Filter>
    </ClInclude>
  </ItemGroup>
</Project>