<?xml version="1.0" encoding="utf-8"?>
<Project ToolsVersion="4.0" xmlns="http://schemas.microsoft.com/developer/msbuild/2003">
  <ItemGroup>
    <Filter Include="Archivos de origen">
      <UniqueIdentifier>{4FC737F1-C7A5-4376-A066-2A32D752A2FF}</UniqueIdentifier>
      <Extensions>cpp;c;cc;cxx;c++;cppm;ixx;def;odl;idl;hpj;bat;asm;asmx</Extensions>
    </Filter>
    <Filter Include="Archivos de encabezado">
      <UniqueIdentifier>{93995380-89BD-4b04-88EB-625FBE52EBFB}</UniqueIdentifier>
      <Extensions>h;hh;hpp;hxx;h++;hm;inl;inc;ipp;xsd</Extensions>
    </Filter>
    <Filter Include="Archivos de recursos">
      <UniqueIdentifier>{67DA6AB6-F800-4c08-8B7A-83BB121AAD01}</UniqueIdentifier>
      <Extensions>rc;ico;cur;bmp;dlg;rc2;rct;bin;rgs;gif;jpg;jpeg;jpe;resx;tiff;tif;png;wav;mfcribbon-ms</Extensions>
    </Filter>
    <Filter Include="Archivos de encabezado\Test">
      <UniqueIdentifier>{7d7f960b-9268-48fa-8b42-ff7012d4b7f3}</UniqueIdentifier>
    </Filter>
    <Filter Include="Archivos de encabezado\Layers">
      <UniqueIdentifier>{fc70367d-2703-4c1f-81d0-78c86223016b}</UniqueIdentifier>
    </Filter>
  </ItemGroup>
  <ItemGroup>
    <ClCompile Include="ScaledDotAtt.cpp">
      <Filter>Archivos de origen</Filter>
    </ClCompile>
    <ClCompile Include="FF.cpp">
      <Filter>Archivos de origen</Filter>
    </ClCompile>
    <ClCompile Include="MultiHeadAtt.cpp">
      <Filter>Archivos de origen</Filter>
    </ClCompile>
    <ClCompile Include="Encoder.cpp">
      <Filter>Archivos de origen</Filter>
    </ClCompile>
    <ClCompile Include="Decoder.cpp">
      <Filter>Archivos de origen</Filter>
    </ClCompile>
    <ClCompile Include="Concat.cpp">
      <Filter>Archivos de origen</Filter>
    </ClCompile>
    <ClCompile Include="VecAdd.h">
      <Filter>Archivos de encabezado\Layers</Filter>
    </ClCompile>
    <ClCompile Include="Linear.h">
      <Filter>Archivos de encabezado\Layers</Filter>
    </ClCompile>
    <ClCompile Include="MatMul.h">
      <Filter>Archivos de encabezado\Layers</Filter>
    </ClCompile>
    <ClCompile Include="Activations.h">
      <Filter>Archivos de encabezado\Layers</Filter>
    </ClCompile>
    <ClCompile Include="LayerNorm.h">
      <Filter>Archivos de encabezado\Layers</Filter>
    </ClCompile>
    <ClCompile Include="Mask.h">
      <Filter>Archivos de encabezado\Layers</Filter>
    </ClCompile>
    <ClCompile Include="MatAdd.h">
      <Filter>Archivos de encabezado\Layers</Filter>
    </ClCompile>
    <ClCompile Include="Scale.h">
      <Filter>Archivos de encabezado\Layers</Filter>
    </ClCompile>
    <ClCompile Include="SoftMax.h">
      <Filter>Archivos de encabezado\Layers</Filter>
    </ClCompile>
    <ClCompile Include="Transformer_dataflow.cpp">
      <Filter>Archivos de origen</Filter>
    </ClCompile>
    <ClCompile Include="Transpose.h">
      <Filter>Archivos de encabezado\Layers</Filter>
    </ClCompile>
  </ItemGroup>
  <ItemGroup>
    <Text Include="bias.txt">
      <Filter>Archivos de recursos</Filter>
    </Text>
    <Text Include="inputs.txt">
      <Filter>Archivos de recursos</Filter>
    </Text>
    <Text Include="output.txt">
      <Filter>Archivos de recursos</Filter>
    </Text>
    <Text Include="weights.txt">
      <Filter>Archivos de recursos</Filter>
    </Text>
    <Text Include="matRes.txt">
      <Filter>Archivos de recursos</Filter>
    </Text>
    <Text Include="matB.txt">
      <Filter>Archivos de recursos</Filter>
    </Text>
    <Text Include="matA.txt">
      <Filter>Archivos de recursos</Filter>
    </Text>
  </ItemGroup>
  <ItemGroup>
    <ClInclude Include="TestLinear.h">
      <Filter>Archivos de encabezado\Test</Filter>
    </ClInclude>
    <ClInclude Include="TestUtils.h">
      <Filter>Archivos de encabezado\Test</Filter>
    </ClInclude>
    <ClInclude Include="TestMatMul.h">
      <Filter>Archivos de encabezado\Test</Filter>
    </ClInclude>
    <ClInclude Include="TestVecAdd.h">
      <Filter>Archivos de encabezado\Test</Filter>
    </ClInclude>
    <ClInclude Include="Test.h">
      <Filter>Archivos de encabezado\Test</Filter>
    </ClInclude>
    <ClInclude Include="TestLayerNorm.h">
      <Filter>Archivos de encabezado\Test</Filter>
    </ClInclude>
    <ClInclude Include="TestMask.h">
      <Filter>Archivos de encabezado\Test</Filter>
    </ClInclude>
    <ClInclude Include="TestMatAdd.h">
      <Filter>Archivos de encabezado\Test</Filter>
    </ClInclude>
    <ClInclude Include="TestScale.h">
      <Filter>Archivos de encabezado\Test</Filter>
    </ClInclude>
    <ClInclude Include="TestSoftMax.h">
      <Filter>Archivos de encabezado\Test</Filter>
    </ClInclude>
    <ClInclude Include="TestAcvtivations.h">
      <Filter>Archivos de encabezado\Test</Filter>
    </ClInclude>
    <ClInclude Include="TestTranspose.h">
      <Filter>Archivos de encabezado\Test</Filter>
    </ClInclude>
  </ItemGroup>
</Project>